
Microsoft Visual Studio Solution File, Format Version 12.00
# Visual Studio 2012
Project("{FAE04EC0-301F-11D3-BF4B-00C04F79EFBC}") = "MeusPedidos.iOS", "iOS\MeusPedidos.iOS.csproj", "{16FAE446-7517-4269-8EB5-965F1A1CBB78}"
EndProject
Project("{FAE04EC0-301F-11D3-BF4B-00C04F79EFBC}") = "MeusPedidos.Droid", "Droid\MeusPedidos.Droid.csproj", "{A90E0F93-312C-45A9-83DC-2C51CDC641B2}"
EndProject
Project("{FAE04EC0-301F-11D3-BF4B-00C04F79EFBC}") = "MeusPedidos", "MeusPedidos\MeusPedidos.csproj", "{06B7C511-5BA7-4820-96CA-2C22EA361F0D}"
EndProject
Project("{FAE04EC0-301F-11D3-BF4B-00C04F79EFBC}") = "MeusPedidos.UITests", "UITests\MeusPedidos.UITests.csproj", "{F5994FB1-31EE-4A7C-B056-98D69E346EC5}"
EndProject
Global
	GlobalSection(SolutionConfigurationPlatforms) = preSolution
		Debug|iPhoneSimulator = Debug|iPhoneSimulator
		Release|iPhone = Release|iPhone
		Release|iPhoneSimulator = Release|iPhoneSimulator
		Debug|iPhone = Debug|iPhone
		Debug|Any CPU = Debug|Any CPU
		Release|Any CPU = Release|Any CPU
	EndGlobalSection
	GlobalSection(ProjectConfigurationPlatforms) = postSolution
		{06B7C511-5BA7-4820-96CA-2C22EA361F0D}.Debug|Any CPU.ActiveCfg = Debug|Any CPU
		{06B7C511-5BA7-4820-96CA-2C22EA361F0D}.Debug|Any CPU.Build.0 = Debug|Any CPU
		{06B7C511-5BA7-4820-96CA-2C22EA361F0D}.Debug|iPhone.ActiveCfg = Debug|Any CPU
		{06B7C511-5BA7-4820-96CA-2C22EA361F0D}.Debug|iPhone.Build.0 = Debug|Any CPU
		{06B7C511-5BA7-4820-96CA-2C22EA361F0D}.Debug|iPhoneSimulator.ActiveCfg = Debug|Any CPU
		{06B7C511-5BA7-4820-96CA-2C22EA361F0D}.Debug|iPhoneSimulator.Build.0 = Debug|Any CPU
		{06B7C511-5BA7-4820-96CA-2C22EA361F0D}.Release|Any CPU.ActiveCfg = Release|Any CPU
		{06B7C511-5BA7-4820-96CA-2C22EA361F0D}.Release|Any CPU.Build.0 = Release|Any CPU
		{06B7C511-5BA7-4820-96CA-2C22EA361F0D}.Release|iPhone.ActiveCfg = Release|Any CPU
		{06B7C511-5BA7-4820-96CA-2C22EA361F0D}.Release|iPhone.Build.0 = Release|Any CPU
		{06B7C511-5BA7-4820-96CA-2C22EA361F0D}.Release|iPhoneSimulator.ActiveCfg = Release|Any CPU
		{06B7C511-5BA7-4820-96CA-2C22EA361F0D}.Release|iPhoneSimulator.Build.0 = Release|Any CPU
		{16FAE446-7517-4269-8EB5-965F1A1CBB78}.Debug|Any CPU.ActiveCfg = Debug|iPhoneSimulator
		{16FAE446-7517-4269-8EB5-965F1A1CBB78}.Debug|Any CPU.Build.0 = Debug|iPhoneSimulator
		{16FAE446-7517-4269-8EB5-965F1A1CBB78}.Debug|iPhone.ActiveCfg = Debug|iPhone
		{16FAE446-7517-4269-8EB5-965F1A1CBB78}.Debug|iPhone.Build.0 = Debug|iPhone
		{16FAE446-7517-4269-8EB5-965F1A1CBB78}.Debug|iPhoneSimulator.ActiveCfg = Debug|iPhoneSimulator
		{16FAE446-7517-4269-8EB5-965F1A1CBB78}.Debug|iPhoneSimulator.Build.0 = Debug|iPhoneSimulator
		{16FAE446-7517-4269-8EB5-965F1A1CBB78}.Release|Any CPU.ActiveCfg = Release|iPhone
		{16FAE446-7517-4269-8EB5-965F1A1CBB78}.Release|Any CPU.Build.0 = Release|iPhone
		{16FAE446-7517-4269-8EB5-965F1A1CBB78}.Release|iPhone.ActiveCfg = Release|iPhone
		{16FAE446-7517-4269-8EB5-965F1A1CBB78}.Release|iPhone.Build.0 = Release|iPhone
		{16FAE446-7517-4269-8EB5-965F1A1CBB78}.Release|iPhoneSimulator.ActiveCfg = Release|iPhoneSimulator
		{16FAE446-7517-4269-8EB5-965F1A1CBB78}.Release|iPhoneSimulator.Build.0 = Release|iPhoneSimulator
		{A90E0F93-312C-45A9-83DC-2C51CDC641B2}.Debug|Any CPU.ActiveCfg = Debug|Any CPU
		{A90E0F93-312C-45A9-83DC-2C51CDC641B2}.Debug|Any CPU.Build.0 = Debug|Any CPU
		{A90E0F93-312C-45A9-83DC-2C51CDC641B2}.Debug|iPhone.ActiveCfg = Debug|Any CPU
		{A90E0F93-312C-45A9-83DC-2C51CDC641B2}.Debug|iPhone.Build.0 = Debug|Any CPU
		{A90E0F93-312C-45A9-83DC-2C51CDC641B2}.Debug|iPhoneSimulator.ActiveCfg = Debug|Any CPU
		{A90E0F93-312C-45A9-83DC-2C51CDC641B2}.Debug|iPhoneSimulator.Build.0 = Debug|Any CPU
		{A90E0F93-312C-45A9-83DC-2C51CDC641B2}.Release|Any CPU.ActiveCfg = Release|Any CPU
		{A90E0F93-312C-45A9-83DC-2C51CDC641B2}.Release|Any CPU.Build.0 = Release|Any CPU
		{A90E0F93-312C-45A9-83DC-2C51CDC641B2}.Release|iPhone.ActiveCfg = Release|Any CPU
		{A90E0F93-312C-45A9-83DC-2C51CDC641B2}.Release|iPhone.Build.0 = Release|Any CPU
		{A90E0F93-312C-45A9-83DC-2C51CDC641B2}.Release|iPhoneSimulator.ActiveCfg = Release|Any CPU
		{A90E0F93-312C-45A9-83DC-2C51CDC641B2}.Release|iPhoneSimulator.Build.0 = Release|Any CPU
		{F5994FB1-31EE-4A7C-B056-98D69E346EC5}.Debug|Any CPU.ActiveCfg = Debug|Any CPU
		{F5994FB1-31EE-4A7C-B056-98D69E346EC5}.Debug|Any CPU.Build.0 = Debug|Any CPU
		{F5994FB1-31EE-4A7C-B056-98D69E346EC5}.Debug|iPhone.ActiveCfg = Debug|Any CPU
		{F5994FB1-31EE-4A7C-B056-98D69E346EC5}.Debug|iPhone.Build.0 = Debug|Any CPU
		{F5994FB1-31EE-4A7C-B056-98D69E346EC5}.Debug|iPhoneSimulator.ActiveCfg = Debug|Any CPU
		{F5994FB1-31EE-4A7C-B056-98D69E346EC5}.Debug|iPhoneSimulator.Build.0 = Debug|Any CPU
		{F5994FB1-31EE-4A7C-B056-98D69E346EC5}.Release|Any CPU.ActiveCfg = Release|Any CPU
		{F5994FB1-31EE-4A7C-B056-98D69E346EC5}.Release|Any CPU.Build.0 = Release|Any CPU
		{F5994FB1-31EE-4A7C-B056-98D69E346EC5}.Release|iPhone.ActiveCfg = Release|Any CPU
		{F5994FB1-31EE-4A7C-B056-98D69E346EC5}.Release|iPhone.Build.0 = Release|Any CPU
		{F5994FB1-31EE-4A7C-B056-98D69E346EC5}.Release|iPhoneSimulator.ActiveCfg = Release|Any CPU
		{F5994FB1-31EE-4A7C-B056-98D69E346EC5}.Release|iPhoneSimulator.Build.0 = Release|Any CPU
	EndGlobalSection
EndGlobal
